// !$*UTF8*$!
{
	archiveVersion = 1;
	classes = {
	};
	objectVersion = 46;
	objects = {

/* Begin PBXBuildFile section */
		AB5141531AB63A0B0060882C /* AppDelegate.swift in Sources */ = {isa = PBXBuildFile; fileRef = AB5141521AB63A0B0060882C /* AppDelegate.swift */; };
		AB5141551AB63A0B0060882C /* ViewController.swift in Sources */ = {isa = PBXBuildFile; fileRef = AB5141541AB63A0B0060882C /* ViewController.swift */; };
		AB5141581AB63A0B0060882C /* Main.storyboard in Resources */ = {isa = PBXBuildFile; fileRef = AB5141561AB63A0B0060882C /* Main.storyboard */; };
		AB51415A1AB63A0B0060882C /* Images.xcassets in Resources */ = {isa = PBXBuildFile; fileRef = AB5141591AB63A0B0060882C /* Images.xcassets */; };
		AB51415D1AB63A0B0060882C /* LaunchScreen.xib in Resources */ = {isa = PBXBuildFile; fileRef = AB51415B1AB63A0B0060882C /* LaunchScreen.xib */; };
		AB5141741AB63A440060882C /* SiriWaveformView.swift in Sources */ = {isa = PBXBuildFile; fileRef = AB5141731AB63A440060882C /* SiriWaveformView.swift */; };
/* End PBXBuildFile section */

/* Begin PBXFileReference section */
		AB51414D1AB63A0B0060882C /* SiriWaveformDemo.app */ = {isa = PBXFileReference; explicitFileType = wrapper.application; includeInIndex = 0; path = SiriWaveformDemo.app; sourceTree = BUILT_PRODUCTS_DIR; };
		AB5141511AB63A0B0060882C /* Info.plist */ = {isa = PBXFileReference; lastKnownFileType = text.plist.xml; path = Info.plist; sourceTree = "<group>"; };
		AB5141521AB63A0B0060882C /* AppDelegate.swift */ = {isa = PBXFileReference; lastKnownFileType = sourcecode.swift; path = AppDelegate.swift; sourceTree = "<group>"; };
		AB5141541AB63A0B0060882C /* ViewController.swift */ = {isa = PBXFileReference; lastKnownFileType = sourcecode.swift; path = ViewController.swift; sourceTree = "<group>"; };
		AB5141571AB63A0B0060882C /* Base */ = {isa = PBXFileReference; lastKnownFileType = file.storyboard; name = Base; path = Base.lproj/Main.storyboard; sourceTree = "<group>"; };
		AB5141591AB63A0B0060882C /* Images.xcassets */ = {isa = PBXFileReference; lastKnownFileType = folder.assetcatalog; path = Images.xcassets; sourceTree = "<group>"; };
		AB51415C1AB63A0B0060882C /* Base */ = {isa = PBXFileReference; lastKnownFileType = file.xib; name = Base; path = Base.lproj/LaunchScreen.xib; sourceTree = "<group>"; };
		AB5141731AB63A440060882C /* SiriWaveformView.swift */ = {isa = PBXFileReference; fileEncoding = 4; lastKnownFileType = sourcecode.swift; path = SiriWaveformView.swift; sourceTree = "<group>"; };
		AB8B2F8C1AB6429F00E2D31C /* LICENSE */ = {isa = PBXFileReference; lastKnownFileType = text; path = LICENSE; sourceTree = "<group>"; };
		AB8B2F8D1AB6429F00E2D31C /* README.md */ = {isa = PBXFileReference; lastKnownFileType = net.daringfireball.markdown; path = README.md; sourceTree = "<group>"; };
/* End PBXFileReference section */

/* Begin PBXFrameworksBuildPhase section */
		AB51414A1AB63A0B0060882C /* Frameworks */ = {
			isa = PBXFrameworksBuildPhase;
			buildActionMask = 2147483647;
			files = (
			);
			runOnlyForDeploymentPostprocessing = 0;
		};
/* End PBXFrameworksBuildPhase section */

/* Begin PBXGroup section */
		AB5141441AB63A0B0060882C = {
			isa = PBXGroup;
			children = (
				AB8B2F8C1AB6429F00E2D31C /* LICENSE */,
				AB8B2F8D1AB6429F00E2D31C /* README.md */,
				AB5141721AB63A170060882C /* SiriWaveformView */,
				AB51414F1AB63A0B0060882C /* SiriWaveformDemo */,
				AB51414E1AB63A0B0060882C /* Products */,
			);
			sourceTree = "<group>";
		};
		AB51414E1AB63A0B0060882C /* Products */ = {
			isa = PBXGroup;
			children = (
				AB51414D1AB63A0B0060882C /* SiriWaveformDemo.app */,
			);
			name = Products;
			sourceTree = "<group>";
		};
		AB51414F1AB63A0B0060882C /* SiriWaveformDemo */ = {
			isa = PBXGroup;
			children = (
				AB5141541AB63A0B0060882C /* ViewController.swift */,
				AB5141561AB63A0B0060882C /* Main.storyboard */,
				AB5141501AB63A0B0060882C /* Supporting Files */,
			);
			path = SiriWaveformDemo;
			sourceTree = "<group>";
		};
		AB5141501AB63A0B0060882C /* Supporting Files */ = {
			isa = PBXGroup;
			children = (
				AB5141521AB63A0B0060882C /* AppDelegate.swift */,
				AB5141591AB63A0B0060882C /* Images.xcassets */,
				AB51415B1AB63A0B0060882C /* LaunchScreen.xib */,
				AB5141511AB63A0B0060882C /* Info.plist */,
			);
			name = "Supporting Files";
			sourceTree = "<group>";
		};
		AB5141721AB63A170060882C /* SiriWaveformView */ = {
			isa = PBXGroup;
			children = (
				AB5141731AB63A440060882C /* SiriWaveformView.swift */,
			);
			path = SiriWaveformView;
			sourceTree = "<group>";
		};
/* End PBXGroup section */

/* Begin PBXNativeTarget section */
		AB51414C1AB63A0B0060882C /* SiriWaveformDemo */ = {
			isa = PBXNativeTarget;
			buildConfigurationList = AB51416C1AB63A0B0060882C /* Build configuration list for PBXNativeTarget "SiriWaveformDemo" */;
			buildPhases = (
				AB5141491AB63A0B0060882C /* Sources */,
				AB51414A1AB63A0B0060882C /* Frameworks */,
				AB51414B1AB63A0B0060882C /* Resources */,
			);
			buildRules = (
			);
			dependencies = (
			);
			name = SiriWaveformDemo;
			productName = SiriWaveformDemo;
			productReference = AB51414D1AB63A0B0060882C /* SiriWaveformDemo.app */;
			productType = "com.apple.product-type.application";
		};
/* End PBXNativeTarget section */

/* Begin PBXProject section */
		AB5141451AB63A0B0060882C /* Project object */ = {
			isa = PBXProject;
			attributes = {
				LastUpgradeCheck = 0620;
				ORGANIZATIONNAME = "Jonathan Underwood";
				TargetAttributes = {
					AB51414C1AB63A0B0060882C = {
						CreatedOnToolsVersion = 6.2;
					};
				};
			};
			buildConfigurationList = AB5141481AB63A0B0060882C /* Build configuration list for PBXProject "SiriWaveformDemo" */;
			compatibilityVersion = "Xcode 3.2";
			developmentRegion = English;
			hasScannedForEncodings = 0;
			knownRegions = (
				en,
				Base,
			);
			mainGroup = AB5141441AB63A0B0060882C;
			productRefGroup = AB51414E1AB63A0B0060882C /* Products */;
			projectDirPath = "";
			projectRoot = "";
			targets = (
				AB51414C1AB63A0B0060882C /* SiriWaveformDemo */,
			);
		};
/* End PBXProject section */

/* Begin PBXResourcesBuildPhase section */
		AB51414B1AB63A0B0060882C /* Resources */ = {
			isa = PBXResourcesBuildPhase;
			buildActionMask = 2147483647;
			files = (
				AB5141581AB63A0B0060882C /* Main.storyboard in Resources */,
				AB51415D1AB63A0B0060882C /* LaunchScreen.xib in Resources */,
				AB51415A1AB63A0B0060882C /* Images.xcassets in Resources */,
			);
			runOnlyForDeploymentPostprocessing = 0;
		};
/* End PBXResourcesBuildPhase section */

/* Begin PBXSourcesBuildPhase section */
		AB5141491AB63A0B0060882C /* Sources */ = {
			isa = PBXSourcesBuildPhase;
			buildActionMask = 2147483647;
			files = (
				AB5141551AB63A0B0060882C /* ViewController.swift in Sources */,
				AB5141741AB63A440060882C /* SiriWaveformView.swift in Sources */,
				AB5141531AB63A0B0060882C /* AppDelegate.swift in Sources */,
			);
			runOnlyForDeploymentPostprocessing = 0;
		};
/* End PBXSourcesBuildPhase section */

/* Begin PBXVariantGroup section */
		AB5141561AB63A0B0060882C /* Main.storyboard */ = {
			isa = PBXVariantGroup;
			children = (
				AB5141571AB63A0B0060882C /* Base */,
			);
			name = Main.storyboard;
			sourceTree = "<group>";
		};
		AB51415B1AB63A0B0060882C /* LaunchScreen.xib */ = {
			isa = PBXVariantGroup;
			children = (
				AB51415C1AB63A0B0060882C /* Base */,
			);
			name = LaunchScreen.xib;
			sourceTree = "<group>";
		};
/* End PBXVariantGroup section */

/* Begin XCBuildConfiguration section */
		AB51416A1AB63A0B0060882C /* Debug */ = {
			isa = XCBuildConfiguration;
			buildSettings = {
				ALWAYS_SEARCH_USER_PATHS = NO;
				CLANG_CXX_LANGUAGE_STANDARD = "gnu++0x";
				CLANG_CXX_LIBRARY = "libc++";
				CLANG_ENABLE_MODULES = YES;
				CLANG_ENABLE_OBJC_ARC = YES;
				CLANG_WARN_BOOL_CONVERSION = YES;
				CLANG_WARN_CONSTANT_CONVERSION = YES;
				CLANG_WARN_DIRECT_OBJC_ISA_USAGE = YES_ERROR;
				CLANG_WARN_EMPTY_BODY = YES;
				CLANG_WARN_ENUM_CONVERSION = YES;
				CLANG_WARN_INT_CONVERSION = YES;
				CLANG_WARN_OBJC_ROOT_CLASS = YES_ERROR;
				CLANG_WARN_UNREACHABLE_CODE = YES;
				CLANG_WARN__DUPLICATE_METHOD_MATCH = YES;
				"CODE_SIGN_IDENTITY[sdk=iphoneos*]" = "iPhone Developer";
				COPY_PHASE_STRIP = NO;
				ENABLE_STRICT_OBJC_MSGSEND = YES;
				GCC_C_LANGUAGE_STANDARD = gnu99;
				GCC_DYNAMIC_NO_PIC = NO;
				GCC_OPTIMIZATION_LEVEL = 0;
				GCC_PREPROCESSOR_DEFINITIONS = (
					"DEBUG=1",
					"$(inherited)",
				);
				GCC_SYMBOLS_PRIVATE_EXTERN = NO;
				GCC_WARN_64_TO_32_BIT_CONVERSION = YES;
				GCC_WARN_ABOUT_RETURN_TYPE = YES_ERROR;
				GCC_WARN_UNDECLARED_SELECTOR = YES;
				GCC_WARN_UNINITIALIZED_AUTOS = YES_AGGRESSIVE;
				GCC_WARN_UNUSED_FUNCTION = YES;
				GCC_WARN_UNUSED_VARIABLE = YES;
				IPHONEOS_DEPLOYMENT_TARGET = 8.2;
				MTL_ENABLE_DEBUG_INFO = YES;
				ONLY_ACTIVE_ARCH = YES;
				SDKROOT = iphoneos;
				SWIFT_OPTIMIZATION_LEVEL = "-Onone";
				TARGETED_DEVICE_FAMILY = "1,2";
			};
			name = Debug;
		};
		AB51416B1AB63A0B0060882C /* Release */ = {
			isa = XCBuildConfiguration;
			buildSettings = {
				ALWAYS_SEARCH_USER_PATHS = NO;
				CLANG_CXX_LANGUAGE_STANDARD = "gnu++0x";
				CLANG_CXX_LIBRARY = "libc++";
				CLANG_ENABLE_MODULES = YES;
				CLANG_ENABLE_OBJC_ARC = YES;
				CLANG_WARN_BOOL_CONVERSION = YES;
				CLANG_WARN_CONSTANT_CONVERSION = YES;
				CLANG_WARN_DIRECT_OBJC_ISA_USAGE = YES_ERROR;
				CLANG_WARN_EMPTY_BODY = YES;
				CLANG_WARN_ENUM_CONVERSION = YES;
				CLANG_WARN_INT_CONVERSION = YES;
				CLANG_WARN_OBJC_ROOT_CLASS = YES_ERROR;
				CLANG_WARN_UNREACHABLE_CODE = YES;
				CLANG_WARN__DUPLICATE_METHOD_MATCH = YES;
				"CODE_SIGN_IDENTITY[sdk=iphoneos*]" = "iPhone Developer";
				COPY_PHASE_STRIP = NO;
				ENABLE_NS_ASSERTIONS = NO;
				ENABLE_STRICT_OBJC_MSGSEND = YES;
				GCC_C_LANGUAGE_STANDARD = gnu99;
				GCC_WARN_64_TO_32_BIT_CONVERSION = YES;
				GCC_WARN_ABOUT_RETURN_TYPE = YES_ERROR;
				GCC_WARN_UNDECLARED_SELECTOR = YES;
				GCC_WARN_UNINITIALIZED_AUTOS = YES_AGGRESSIVE;
				GCC_WARN_UNUSED_FUNCTION = YES;
				GCC_WARN_UNUSED_VARIABLE = YES;
				IPHONEOS_DEPLOYMENT_TARGET = 8.2;
				MTL_ENABLE_DEBUG_INFO = NO;
				SDKROOT = iphoneos;
				TARGETED_DEVICE_FAMILY = "1,2";
				VALIDATE_PRODUCT = YES;
			};
			name = Release;
		};
		AB51416D1AB63A0B0060882C /* Debug */ = {
			isa = XCBuildConfiguration;
			buildSettings = {
				ASSETCATALOG_COMPILER_APPICON_NAME = AppIcon;
				INFOPLIST_FILE = SiriWaveformDemo/Info.plist;
				IPHONEOS_DEPLOYMENT_TARGET = 8.0;
				LD_RUNPATH_SEARCH_PATHS = "$(inherited) @executable_path/Frameworks";
				PRODUCT_NAME = "$(TARGET_NAME)";
			};
			name = Debug;
		};
		AB51416E1AB63A0B0060882C /* Release */ = {
			isa = XCBuildConfiguration;
			buildSettings = {
				ASSETCATALOG_COMPILER_APPICON_NAME = AppIcon;
				INFOPLIST_FILE = SiriWaveformDemo/Info.plist;
				IPHONEOS_DEPLOYMENT_TARGET = 8.0;
				LD_RUNPATH_SEARCH_PATHS = "$(inherited) @executable_path/Frameworks";
				PRODUCT_NAME = "$(TARGET_NAME)";
			};
			name = Release;
		};
/* End XCBuildConfiguration section */

/* Begin XCConfigurationList section */
		AB5141481AB63A0B0060882C /* Build configuration list for PBXProject "SiriWaveformDemo" */ = {
			isa = XCConfigurationList;
			buildConfigurations = (
				AB51416A1AB63A0B0060882C /* Debug */,
				AB51416B1AB63A0B0060882C /* Release */,
			);
			defaultConfigurationIsVisible = 0;
			defaultConfigurationName = Release;
		};
		AB51416C1AB63A0B0060882C /* Build configuration list for PBXNativeTarget "SiriWaveformDemo" */ = {
			isa = XCConfigurationList;
			buildConfigurations = (
				AB51416D1AB63A0B0060882C /* Debug */,
				AB51416E1AB63A0B0060882C /* Release */,
			);
			defaultConfigurationIsVisible = 0;
			defaultConfigurationName = Release;
		};
/* End XCConfigurationList section */
	};
	rootObject = AB5141451AB63A0B0060882C /* Project object */;
}
